
Microsoft Visual Studio Solution File, Format Version 12.00
# Visual Studio Version 17
VisualStudioVersion = 17.5.002.0
MinimumVisualStudioVersion = 10.0.40219.1
Project("{9A19103F-16F7-4668-BE54-9A1E7A4F7556}") = "DevFolder", "DevFolder.csproj", "{23FF0E2C-73A1-44F2-AD7E-7366A951BE7F}"
EndProject
Global
	GlobalSection(SolutionConfigurationPlatforms) = preSolution
		Debug|Any CPU = Debug|Any CPU
		Release|Any CPU = Release|Any CPU
	EndGlobalSection
	GlobalSection(ProjectConfigurationPlatforms) = postSolution
		{23FF0E2C-73A1-44F2-AD7E-7366A951BE7F}.Debug|Any CPU.ActiveCfg = Debug|Any CPU
		{23FF0E2C-73A1-44F2-AD7E-7366A951BE7F}.Debug|Any CPU.Build.0 = Debug|Any CPU
		{23FF0E2C-73A1-44F2-AD7E-7366A951BE7F}.Release|Any CPU.ActiveCfg = Release|Any CPU
		{23FF0E2C-73A1-44F2-AD7E-7366A951BE7F}.Release|Any CPU.Build.0 = Release|Any CPU
	EndGlobalSection
	GlobalSection(SolutionProperties) = preSolution
		HideSolutionNode = FALSE
	EndGlobalSection
	GlobalSection(ExtensibilityGlobals) = postSolution
		SolutionGuid = {3904E5EB-C977-4560-94FC-4C6C07ABA720}
	EndGlobalSection
EndGlobal
