
Microsoft Visual Studio Solution File, Format Version 12.00
# Visual Studio Version 17
VisualStudioVersion = 17.6.33829.357
MinimumVisualStudioVersion = 10.0.40219.1
Project("{9A19103F-16F7-4668-BE54-9A1E7A4F7556}") = "DevFolder", "DevFolder.csproj", "{163E3FC0-BC70-47A7-9BAB-8FA06057F196}"
EndProject
Global
	GlobalSection(SolutionConfigurationPlatforms) = preSolution
		Debug|Any CPU = Debug|Any CPU
		Release|Any CPU = Release|Any CPU
	EndGlobalSection
	GlobalSection(ProjectConfigurationPlatforms) = postSolution
		{163E3FC0-BC70-47A7-9BAB-8FA06057F196}.Debug|Any CPU.ActiveCfg = Debug|Any CPU
		{163E3FC0-BC70-47A7-9BAB-8FA06057F196}.Debug|Any CPU.Build.0 = Debug|Any CPU
		{163E3FC0-BC70-47A7-9BAB-8FA06057F196}.Release|Any CPU.ActiveCfg = Release|Any CPU
		{163E3FC0-BC70-47A7-9BAB-8FA06057F196}.Release|Any CPU.Build.0 = Release|Any CPU
	EndGlobalSection
	GlobalSection(SolutionProperties) = preSolution
		HideSolutionNode = FALSE
	EndGlobalSection
	GlobalSection(ExtensibilityGlobals) = postSolution
		SolutionGuid = {FAEA7E0B-1C7F-4718-A3B3-0F3B17C480AC}
	EndGlobalSection
EndGlobal
